
Microsoft Visual Studio Solution File, Format Version 12.00
# Visual Studio 15
VisualStudioVersion = 15.0.27130.2027
MinimumVisualStudioVersion = 10.0.40219.1
Project("{8BC9CEB8-8B4A-11D0-8D11-00A0C91BC942}") = "windowCommandHook", "windowCommandHook\windowCommandHook.vcxproj", "{F327EA4C-795E-49E1-832D-1F5E4987D328}"
EndProject
Global
	GlobalSection(SolutionConfigurationPlatforms) = preSolution
		Debug|x64 = Debug|x64
		Debug|x86 = Debug|x86
		Release|x64 = Release|x64
		Release|x86 = Release|x86
	EndGlobalSection
	GlobalSection(ProjectConfigurationPlatforms) = postSolution
		{F327EA4C-795E-49E1-832D-1F5E4987D328}.Debug|x64.ActiveCfg = Debug|x64
		{F327EA4C-795E-49E1-832D-1F5E4987D328}.Debug|x64.Build.0 = Debug|x64
		{F327EA4C-795E-49E1-832D-1F5E4987D328}.Debug|x86.ActiveCfg = Debug|Win32
		{F327EA4C-795E-49E1-832D-1F5E4987D328}.Debug|x86.Build.0 = Debug|Win32
		{F327EA4C-795E-49E1-832D-1F5E4987D328}.Release|x64.ActiveCfg = Release|x64
		{F327EA4C-795E-49E1-832D-1F5E4987D328}.Release|x64.Build.0 = Release|x64
		{F327EA4C-795E-49E1-832D-1F5E4987D328}.Release|x86.ActiveCfg = Release|Win32
		{F327EA4C-795E-49E1-832D-1F5E4987D328}.Release|x86.Build.0 = Release|Win32
	EndGlobalSection
	GlobalSection(SolutionProperties) = preSolution
		HideSolutionNode = FALSE
	EndGlobalSection
	GlobalSection(ExtensibilityGlobals) = postSolution
		SolutionGuid = {1F01EB81-FED3-46B0-A81F-E6F4ACFB0B67}
	EndGlobalSection
EndGlobal
